
Microsoft Visual Studio Solution File, Format Version 12.00
# Visual Studio Version 17
VisualStudioVersion = 17.3.32811.315
MinimumVisualStudioVersion = 10.0.40219.1
Project("{9A19103F-16F7-4668-BE54-9A1E7A4F7556}") = "Share", "Share\Share.csproj", "{85D86520-420E-469D-9A68-C63AFE3E5017}"
EndProject
Project("{9A19103F-16F7-4668-BE54-9A1E7A4F7556}") = "Server", "Server\Server.csproj", "{0F3C0C0E-68E7-4DC5-8402-2B4C1019D962}"
EndProject
Project("{FAE04EC0-301F-11D3-BF4B-00C04F79EFBC}") = "Client", "Client\Client\Client.csproj", "{F39B7695-C973-4365-9362-E1CD7FB6C4D2}"
EndProject
Project("{FAE04EC0-301F-11D3-BF4B-00C04F79EFBC}") = "Client.Android", "Client\Client.Android\Client.Android.csproj", "{EBD9F372-0049-4894-B382-74EF799ED027}"
EndProject
Project("{FAE04EC0-301F-11D3-BF4B-00C04F79EFBC}") = "Client.Desktop", "Client\Client.Desktop\Client.Desktop.csproj", "{EDF35BE6-42AE-4350-821D-1A4B8B6EE8FD}"
EndProject
Global
	GlobalSection(SolutionConfigurationPlatforms) = preSolution
		Debug|Any CPU = Debug|Any CPU
		Release|Any CPU = Release|Any CPU
	EndGlobalSection
	GlobalSection(ProjectConfigurationPlatforms) = postSolution
		{85D86520-420E-469D-9A68-C63AFE3E5017}.Debug|Any CPU.ActiveCfg = Debug|Any CPU
		{85D86520-420E-469D-9A68-C63AFE3E5017}.Debug|Any CPU.Build.0 = Debug|Any CPU
		{85D86520-420E-469D-9A68-C63AFE3E5017}.Release|Any CPU.ActiveCfg = Release|Any CPU
		{85D86520-420E-469D-9A68-C63AFE3E5017}.Release|Any CPU.Build.0 = Release|Any CPU
		{0F3C0C0E-68E7-4DC5-8402-2B4C1019D962}.Debug|Any CPU.ActiveCfg = Debug|Any CPU
		{0F3C0C0E-68E7-4DC5-8402-2B4C1019D962}.Debug|Any CPU.Build.0 = Debug|Any CPU
		{0F3C0C0E-68E7-4DC5-8402-2B4C1019D962}.Release|Any CPU.ActiveCfg = Release|Any CPU
		{0F3C0C0E-68E7-4DC5-8402-2B4C1019D962}.Release|Any CPU.Build.0 = Release|Any CPU
		{F39B7695-C973-4365-9362-E1CD7FB6C4D2}.Debug|Any CPU.ActiveCfg = Debug|Any CPU
		{F39B7695-C973-4365-9362-E1CD7FB6C4D2}.Debug|Any CPU.Build.0 = Debug|Any CPU
		{F39B7695-C973-4365-9362-E1CD7FB6C4D2}.Release|Any CPU.ActiveCfg = Release|Any CPU
		{F39B7695-C973-4365-9362-E1CD7FB6C4D2}.Release|Any CPU.Build.0 = Release|Any CPU
		{EBD9F372-0049-4894-B382-74EF799ED027}.Debug|Any CPU.ActiveCfg = Debug|Any CPU
		{EBD9F372-0049-4894-B382-74EF799ED027}.Debug|Any CPU.Build.0 = Debug|Any CPU
		{EBD9F372-0049-4894-B382-74EF799ED027}.Release|Any CPU.ActiveCfg = Release|Any CPU
		{EBD9F372-0049-4894-B382-74EF799ED027}.Release|Any CPU.Build.0 = Release|Any CPU
		{EDF35BE6-42AE-4350-821D-1A4B8B6EE8FD}.Debug|Any CPU.ActiveCfg = Debug|Any CPU
		{EDF35BE6-42AE-4350-821D-1A4B8B6EE8FD}.Debug|Any CPU.Build.0 = Debug|Any CPU
		{EDF35BE6-42AE-4350-821D-1A4B8B6EE8FD}.Release|Any CPU.ActiveCfg = Release|Any CPU
		{EDF35BE6-42AE-4350-821D-1A4B8B6EE8FD}.Release|Any CPU.Build.0 = Release|Any CPU
	EndGlobalSection
	GlobalSection(SolutionProperties) = preSolution
		HideSolutionNode = FALSE
	EndGlobalSection
	GlobalSection(ExtensibilityGlobals) = postSolution
		SolutionGuid = {6B246680-3291-4AC5-B879-212493FFB862}
	EndGlobalSection
EndGlobal
