
Microsoft Visual Studio Solution File, Format Version 12.00
# Visual Studio Version 16
VisualStudioVersion = 16.0.29509.3
MinimumVisualStudioVersion = 10.0.40219.1
Project("{9A19103F-16F7-4668-BE54-9A1E7A4F7556}") = "Socks5Server", "Socks5Server\Socks5Server.csproj", "{A1ADF487-CF4E-48EB-BD69-1C20F89C1A22}"
EndProject
Project("{FAE04EC0-301F-11D3-BF4B-00C04F79EFBC}") = "Socks5Local", "Socks5Local\Socks5Local.csproj", "{BB501B6B-54B7-4421-A092-D95CF3D55F37}"
EndProject
Global
	GlobalSection(SolutionConfigurationPlatforms) = preSolution
		Debug|Any CPU = Debug|Any CPU
		Release|Any CPU = Release|Any CPU
	EndGlobalSection
	GlobalSection(ProjectConfigurationPlatforms) = postSolution
		{A1ADF487-CF4E-48EB-BD69-1C20F89C1A22}.Debug|Any CPU.ActiveCfg = Debug|Any CPU
		{A1ADF487-CF4E-48EB-BD69-1C20F89C1A22}.Debug|Any CPU.Build.0 = Debug|Any CPU
		{A1ADF487-CF4E-48EB-BD69-1C20F89C1A22}.Release|Any CPU.ActiveCfg = Release|Any CPU
		{A1ADF487-CF4E-48EB-BD69-1C20F89C1A22}.Release|Any CPU.Build.0 = Release|Any CPU
		{BB501B6B-54B7-4421-A092-D95CF3D55F37}.Debug|Any CPU.ActiveCfg = Debug|Any CPU
		{BB501B6B-54B7-4421-A092-D95CF3D55F37}.Debug|Any CPU.Build.0 = Debug|Any CPU
		{BB501B6B-54B7-4421-A092-D95CF3D55F37}.Release|Any CPU.ActiveCfg = Release|Any CPU
		{BB501B6B-54B7-4421-A092-D95CF3D55F37}.Release|Any CPU.Build.0 = Release|Any CPU
	EndGlobalSection
	GlobalSection(SolutionProperties) = preSolution
		HideSolutionNode = FALSE
	EndGlobalSection
	GlobalSection(ExtensibilityGlobals) = postSolution
		SolutionGuid = {6B246680-3291-4AC5-B879-212493FFB862}
	EndGlobalSection
EndGlobal
